
Microsoft Visual Studio Solution File, Format Version 12.00
# Visual Studio Version 16
VisualStudioVersion = 16.0.32106.194
MinimumVisualStudioVersion = 10.0.40219.1
Project("{FAE04EC0-301F-11D3-BF4B-00C04F79EFBC}") = "VirtualKeyPresser", "VirtualKeyPresser\VirtualKeyPresser.csproj", "{C0436A3F-56CB-4089-B1F6-C3C383EE753C}"
EndProject
Global
	GlobalSection(SolutionConfigurationPlatforms) = preSolution
		Debug|Any CPU = Debug|Any CPU
		Release|Any CPU = Release|Any CPU
	EndGlobalSection
	GlobalSection(ProjectConfigurationPlatforms) = postSolution
		{C0436A3F-56CB-4089-B1F6-C3C383EE753C}.Debug|Any CPU.ActiveCfg = Debug|Any CPU
		{C0436A3F-56CB-4089-B1F6-C3C383EE753C}.Debug|Any CPU.Build.0 = Debug|Any CPU
		{C0436A3F-56CB-4089-B1F6-C3C383EE753C}.Release|Any CPU.ActiveCfg = Release|Any CPU
		{C0436A3F-56CB-4089-B1F6-C3C383EE753C}.Release|Any CPU.Build.0 = Release|Any CPU
	EndGlobalSection
	GlobalSection(SolutionProperties) = preSolution
		HideSolutionNode = FALSE
	EndGlobalSection
	GlobalSection(ExtensibilityGlobals) = postSolution
		SolutionGuid = {384E9BCB-87BA-4F40-985C-45B1A218F3BD}
	EndGlobalSection
EndGlobal
